{
  "name": "cardapio",
  "version": "1.0.0",
  "lockfileVersion": 3,
  "requires": true,
  "packages": {
    "": {
      "name": "cardapio",
      "version": "1.0.0",
      "license": "ISC",
      "dependencies": {
        "bootstrap-icons": "^1.13.1"
      },
      "devDependencies": {
        "tailwindcss": "^4.1.7"
      }
    },
    "node_modules/bootstrap-icons": {
      "version": "1.13.1",
      "resolved": "https://registry.npmjs.org/bootstrap-icons/-/bootstrap-icons-1.13.1.tgz",
      "integrity": "sha512-ijombt4v6bv5CLeXvRWKy7CuM3TRTuPEuGaGKvTV5cz65rQSY8RQ2JcHt6b90cBBAC7s8fsf2EkQDldzCoXUjw==",
      "funding": [
        {
          "type": "github",
          "url": "https://github.com/sponsors/twbs"
        },
        {
          "type": "opencollective",
          "url": "https://opencollective.com/bootstrap"
        }
      ],
      "license": "MIT"
    },
    "node_modules/tailwindcss": {
      "version": "4.1.7",
      "resolved": "https://registry.npmjs.org/tailwindcss/-/tailwindcss-4.1.7.tgz",
      "integrity": "sha512-kr1o/ErIdNhTz8uzAYL7TpaUuzKIE6QPQ4qmSdxnoX/lo+5wmUHQA6h3L5yIqEImSRnAAURDirLu/BgiXGPAhg==",
      "dev": true,
      "license": "MIT"
    }
  }
}
